
Microsoft Visual Studio Solution File, Format Version 12.00
# Visual Studio Version 16
VisualStudioVersion = 16.0.28803.452
MinimumVisualStudioVersion = 10.0.40219.1
Project("{FAE04EC0-301F-11D3-BF4B-00C04F79EFBC}") = "FromCodeSignal.Interview.Arrays.firstDuplicate", "..\FromCodeSignal.Interview.Arrays.firstDuplicate\FromCodeSignal.Interview.Arrays.firstDuplicate.csproj", "{20F82258-D292-4D68-A96E-81D29B6EF7BC}"
EndProject
Global
	GlobalSection(SolutionConfigurationPlatforms) = preSolution
		Debug|Any CPU = Debug|Any CPU
		Release|Any CPU = Release|Any CPU
	EndGlobalSection
	GlobalSection(ProjectConfigurationPlatforms) = postSolution
		{20F82258-D292-4D68-A96E-81D29B6EF7BC}.Debug|Any CPU.ActiveCfg = Debug|Any CPU
		{20F82258-D292-4D68-A96E-81D29B6EF7BC}.Debug|Any CPU.Build.0 = Debug|Any CPU
		{20F82258-D292-4D68-A96E-81D29B6EF7BC}.Release|Any CPU.ActiveCfg = Release|Any CPU
		{20F82258-D292-4D68-A96E-81D29B6EF7BC}.Release|Any CPU.Build.0 = Release|Any CPU
	EndGlobalSection
	GlobalSection(SolutionProperties) = preSolution
		HideSolutionNode = FALSE
	EndGlobalSection
	GlobalSection(ExtensibilityGlobals) = postSolution
		SolutionGuid = {3A51536F-D5D9-41E7-95AB-F2A64A1AF714}
	EndGlobalSection
EndGlobal
